{
  "status": "published_verified",
  "destination": "https://www.facebook.com/li.shi.min.823327",
  "postSha256": "a6dc3f8e7d7503651d80462e9dc9c9b91595bdeb0efebac9dcdb00fec3be4c57",
  "postUrl": "https://www.facebook.com/li.shi.min.823327/posts/pfbid02hyAfeYd7FAfMkM99UBgCoSUcf8tkJtcenN7YcsVWNkYywNNP15Cqzs7PeUYdf6Z2l",
  "verifiedAt": "2026-10-05T13:23:36.486Z"
}
